# This file is generated by running "yarn install" inside your project.
# Manual changes might be lost - proceed with caution!

__metadata:
  version: 8
  cacheKey: 10c0

"@floating-ui/core@npm:^1.0.0":
  version: 1.6.0
  resolution: "@floating-ui/core@npm:1.6.0"
  dependencies:
    "@floating-ui/utils": "npm:^0.2.1"
  checksum: 10c0/667a68036f7dd5ed19442c7792a6002ca02d1799221c4396691bbe0b6008b48f6ccad581225e81fa266bb91232f6c66838a5f825f554217e1ec886178b93381b
  languageName: node
  linkType: hard

"@floating-ui/dom@npm:^1.6.1":
  version: 1.6.3
  resolution: "@floating-ui/dom@npm:1.6.3"
  dependencies:
    "@floating-ui/core": "npm:^1.0.0"
    "@floating-ui/utils": "npm:^0.2.0"
  checksum: 10c0/d6cac10877918ce5a8d1a24b21738d2eb130a0191043d7c0dd43bccac507844d3b4dc5d4107d3891d82f6007945ca8fb4207a1252506e91c37e211f0f73cf77e
  languageName: node
  linkType: hard

"@floating-ui/react-dom@npm:^2.0.0":
  version: 2.0.8
  resolution: "@floating-ui/react-dom@npm:2.0.8"
  dependencies:
    "@floating-ui/dom": "npm:^1.6.1"
  peerDependencies:
    react: ">=16.8.0"
    react-dom: ">=16.8.0"
  checksum: 10c0/4d87451e2dcc54b4753a0d81181036e47821cfd0d4c23f7e9c31590c7c91fb15fb0a5a458969a5ddabd61601eca5875ebd4e40bff37cee31f373b8f1ccc64518
  languageName: node
  linkType: hard

"@floating-ui/react@npm:^0.26.2":
  version: 0.26.12
  resolution: "@floating-ui/react@npm:0.26.12"
  dependencies:
    "@floating-ui/react-dom": "npm:^2.0.0"
    "@floating-ui/utils": "npm:^0.2.0"
    tabbable: "npm:^6.0.0"
  peerDependencies:
    react: ">=16.8.0"
    react-dom: ">=16.8.0"
  checksum: 10c0/f47e133b9fe5dd404886c4e69e760dc0d6ab30774de82b5547cba83d0cd6e7a3bb4c221587e115a3c0c466ac344578c3db78b5808b5acd70ae5d43d587de9fd1
  languageName: node
  linkType: hard

"@floating-ui/utils@npm:^0.2.0, @floating-ui/utils@npm:^0.2.1":
  version: 0.2.1
  resolution: "@floating-ui/utils@npm:0.2.1"
  checksum: 10c0/ee77756712cf5b000c6bacf11992ffb364f3ea2d0d51cc45197a7e646a17aeb86ea4b192c0b42f3fbb29487aee918a565e84f710b8c3645827767f406a6b4cc9
  languageName: node
  linkType: hard

"@next/env@npm:14.1.3":
  version: 14.1.3
  resolution: "@next/env@npm:14.1.3"
  checksum: 10c0/928dba385f1ed3346880845662f87fe386e42ee0c798ccbd7c13a31e2cb509153d42e6c8a4a73ad9c6d647ac9cb6a570316c8ddcaccc9ec201f7519ec383dc02
  languageName: node
  linkType: hard

"@next/swc-darwin-arm64@npm:14.1.3":
  version: 14.1.3
  resolution: "@next/swc-darwin-arm64@npm:14.1.3"
  conditions: os=darwin & cpu=arm64
  languageName: node
  linkType: hard

"@next/swc-darwin-x64@npm:14.1.3":
  version: 14.1.3
  resolution: "@next/swc-darwin-x64@npm:14.1.3"
  conditions: os=darwin & cpu=x64
  languageName: node
  linkType: hard

"@next/swc-linux-arm64-gnu@npm:14.1.3":
  version: 14.1.3
  resolution: "@next/swc-linux-arm64-gnu@npm:14.1.3"
  conditions: os=linux & cpu=arm64 & libc=glibc
  languageName: node
  linkType: hard

"@next/swc-linux-arm64-musl@npm:14.1.3":
  version: 14.1.3
  resolution: "@next/swc-linux-arm64-musl@npm:14.1.3"
  conditions: os=linux & cpu=arm64 & libc=musl
  languageName: node
  linkType: hard

"@next/swc-linux-x64-gnu@npm:14.1.3":
  version: 14.1.3
  resolution: "@next/swc-linux-x64-gnu@npm:14.1.3"
  conditions: os=linux & cpu=x64 & libc=glibc
  languageName: node
  linkType: hard

"@next/swc-linux-x64-musl@npm:14.1.3":
  version: 14.1.3
  resolution: "@next/swc-linux-x64-musl@npm:14.1.3"
  conditions: os=linux & cpu=x64 & libc=musl
  languageName: node
  linkType: hard

"@next/swc-win32-arm64-msvc@npm:14.1.3":
  version: 14.1.3
  resolution: "@next/swc-win32-arm64-msvc@npm:14.1.3"
  conditions: os=win32 & cpu=arm64
  languageName: node
  linkType: hard

"@next/swc-win32-ia32-msvc@npm:14.1.3":
  version: 14.1.3
  resolution: "@next/swc-win32-ia32-msvc@npm:14.1.3"
  conditions: os=win32 & cpu=ia32
  languageName: node
  linkType: hard

"@next/swc-win32-x64-msvc@npm:14.1.3":
  version: 14.1.3
  resolution: "@next/swc-win32-x64-msvc@npm:14.1.3"
  conditions: os=win32 & cpu=x64
  languageName: node
  linkType: hard

"@swc/helpers@npm:0.5.2":
  version: 0.5.2
  resolution: "@swc/helpers@npm:0.5.2"
  dependencies:
    tslib: "npm:^2.4.0"
  checksum: 10c0/b6fa49bcf6c00571d0eb7837b163f8609960d4d77538160585e27ed167361e9776bd6e5eb9646ffac2fb4d43c58df9ca50dab9d96ab097e6591bc82a75fd1164
  languageName: node
  linkType: hard

"buffer-equal-constant-time@npm:1.0.1":
  version: 1.0.1
  resolution: "buffer-equal-constant-time@npm:1.0.1"
  checksum: 10c0/fb2294e64d23c573d0dd1f1e7a466c3e978fe94a4e0f8183937912ca374619773bef8e2aceb854129d2efecbbc515bbd0cc78d2734a3e3031edb0888531bbc8e
  languageName: node
  linkType: hard

"busboy@npm:1.6.0":
  version: 1.6.0
  resolution: "busboy@npm:1.6.0"
  dependencies:
    streamsearch: "npm:^1.1.0"
  checksum: 10c0/fa7e836a2b82699b6e074393428b91ae579d4f9e21f5ac468e1b459a244341d722d2d22d10920cdd849743dbece6dca11d72de939fb75a7448825cf2babfba1f
  languageName: node
  linkType: hard

"caniuse-lite@npm:^1.0.30001579":
  version: 1.0.30001605
  resolution: "caniuse-lite@npm:1.0.30001605"
  checksum: 10c0/ceb96a0ecfdaee6510c00aebaaa63db20aaeafab03450d4e3b214e009cb632f87385a70c299cdd1ca4c17e1473883d8fa2051c5b2d083a454338c0c779b25cbc
  languageName: node
  linkType: hard

"chart.js@npm:^2.9.4":
  version: 2.9.4
  resolution: "chart.js@npm:2.9.4"
  dependencies:
    chartjs-color: "npm:^2.1.0"
    moment: "npm:^2.10.2"
  checksum: 10c0/59bef7f0fdb3a52c66a4ba9821285d90db59b8c45bfc1be328e09e2d712cca8d6a804a64a25f0f67d979e81c11bb4be894ce99248f425724873fe5c3dff75cc7
  languageName: node
  linkType: hard

"chartjs-color-string@npm:^0.6.0":
  version: 0.6.0
  resolution: "chartjs-color-string@npm:0.6.0"
  dependencies:
    color-name: "npm:^1.0.0"
  checksum: 10c0/09097db49b7de080e49593e1e9234101fb38574dfeb1e014d0bc0fcbeb306ae6d20f81eadc75e1eb3ba5242440a3a4bc7a0660f98b0900544d53a9a3c2c90351
  languageName: node
  linkType: hard

"chartjs-color@npm:^2.1.0":
  version: 2.4.1
  resolution: "chartjs-color@npm:2.4.1"
  dependencies:
    chartjs-color-string: "npm:^0.6.0"
    color-convert: "npm:^1.9.3"
  checksum: 10c0/a36a6d5975b592464aba3e9dcee342b2de77f110c88b1a75a791df24211bcaf782be3d61896a79a5ac55f5d3c8a26b7f6986db9bd8d340826bc759ecc43505bd
  languageName: node
  linkType: hard

"client-only@npm:0.0.1":
  version: 0.0.1
  resolution: "client-only@npm:0.0.1"
  checksum: 10c0/9d6cfd0c19e1c96a434605added99dff48482152af791ec4172fb912a71cff9027ff174efd8cdb2160cc7f377543e0537ffc462d4f279bc4701de3f2a3c4b358
  languageName: node
  linkType: hard

"clsx@npm:^2.1.0":
  version: 2.1.0
  resolution: "clsx@npm:2.1.0"
  checksum: 10c0/c09c00ad14f638366ca814097e6cab533dfa1972a358da5b557be487168acbb25b4c1395e89ffa842a8a61ba87a462d2b4885bc9d4f8410b598f3cb339599cdb
  languageName: node
  linkType: hard

"color-convert@npm:^1.9.3":
  version: 1.9.3
  resolution: "color-convert@npm:1.9.3"
  dependencies:
    color-name: "npm:1.1.3"
  checksum: 10c0/5ad3c534949a8c68fca8fbc6f09068f435f0ad290ab8b2f76841b9e6af7e0bb57b98cb05b0e19fe33f5d91e5a8611ad457e5f69e0a484caad1f7487fd0e8253c
  languageName: node
  linkType: hard

"color-name@npm:1.1.3":
  version: 1.1.3
  resolution: "color-name@npm:1.1.3"
  checksum: 10c0/566a3d42cca25b9b3cd5528cd7754b8e89c0eb646b7f214e8e2eaddb69994ac5f0557d9c175eb5d8f0ad73531140d9c47525085ee752a91a2ab15ab459caf6d6
  languageName: node
  linkType: hard

"color-name@npm:^1.0.0":
  version: 1.1.4
  resolution: "color-name@npm:1.1.4"
  checksum: 10c0/a1a3f914156960902f46f7f56bc62effc6c94e84b2cae157a526b1c1f74b677a47ec602bf68a61abfa2b42d15b7c5651c6dbe72a43af720bc588dff885b10f95
  languageName: node
  linkType: hard

"datatables.net-dt@npm:^2.0.3":
  version: 2.0.3
  resolution: "datatables.net-dt@npm:2.0.3"
  dependencies:
    datatables.net: "npm:2.0.3"
    jquery: "npm:>=1.7"
  checksum: 10c0/c8d5df4f194da80778f6d7fe3cefcad59fa6ab5e7cd63edbe948f06a7ad30993396e5ca60aae42e368cd8d7682362909b6fafb3fbdf0afa6c89ceaac5c5579e1
  languageName: node
  linkType: hard

"datatables.net@npm:2.0.3":
  version: 2.0.3
  resolution: "datatables.net@npm:2.0.3"
  dependencies:
    jquery: "npm:>=1.7"
  checksum: 10c0/dde07cfb9634902ce0624cfae8ef74f112bbeff6221d786bf0e9e62b33740ba0872ed1eb0ce49a2f8a416e8b7c595567996df3208ffdec330ef9974eecf6e904
  languageName: node
  linkType: hard

"date-fns@npm:^3.3.1":
  version: 3.6.0
  resolution: "date-fns@npm:3.6.0"
  checksum: 10c0/0b5fb981590ef2f8e5a3ba6cd6d77faece0ea7f7158948f2eaae7bbb7c80a8f63ae30b01236c2923cf89bb3719c33aeb150c715ea4fe4e86e37dcf06bed42fb6
  languageName: node
  linkType: hard

"dotenv@npm:^16.4.5":
  version: 16.4.5
  resolution: "dotenv@npm:16.4.5"
  checksum: 10c0/48d92870076832af0418b13acd6e5a5a3e83bb00df690d9812e94b24aff62b88ade955ac99a05501305b8dc8f1b0ee7638b18493deb6fe93d680e5220936292f
  languageName: node
  linkType: hard

"ecdsa-sig-formatter@npm:1.0.11":
  version: 1.0.11
  resolution: "ecdsa-sig-formatter@npm:1.0.11"
  dependencies:
    safe-buffer: "npm:^5.0.1"
  checksum: 10c0/ebfbf19d4b8be938f4dd4a83b8788385da353d63307ede301a9252f9f7f88672e76f2191618fd8edfc2f24679236064176fab0b78131b161ee73daa37125408c
  languageName: node
  linkType: hard

"graceful-fs@npm:^4.2.11":
  version: 4.2.11
  resolution: "graceful-fs@npm:4.2.11"
  checksum: 10c0/386d011a553e02bc594ac2ca0bd6d9e4c22d7fa8cfbfc448a6d148c59ea881b092db9dbe3547ae4b88e55f1b01f7c4a2ecc53b310c042793e63aa44cf6c257f2
  languageName: node
  linkType: hard

"jquery@npm:>=1.7":
  version: 3.7.1
  resolution: "jquery@npm:3.7.1"
  checksum: 10c0/808cfbfb758438560224bf26e17fcd5afc7419170230c810dd11f5c1792e2263e2970cca8d659eb84fcd9acc301edb6d310096e450277d54be4f57071b0c82d9
  languageName: node
  linkType: hard

"js-cookie@npm:^3.0.5":
  version: 3.0.5
  resolution: "js-cookie@npm:3.0.5"
  checksum: 10c0/04a0e560407b4489daac3a63e231d35f4e86f78bff9d792011391b49c59f721b513411cd75714c418049c8dc9750b20fcddad1ca5a2ca616c3aca4874cce5b3a
  languageName: node
  linkType: hard

"js-tokens@npm:^3.0.0 || ^4.0.0":
  version: 4.0.0
  resolution: "js-tokens@npm:4.0.0"
  checksum: 10c0/e248708d377aa058eacf2037b07ded847790e6de892bbad3dac0abba2e759cb9f121b00099a65195616badcb6eca8d14d975cb3e89eb1cfda644756402c8aeed
  languageName: node
  linkType: hard

"jsonwebtoken@npm:^9.0.2":
  version: 9.0.2
  resolution: "jsonwebtoken@npm:9.0.2"
  dependencies:
    jws: "npm:^3.2.2"
    lodash.includes: "npm:^4.3.0"
    lodash.isboolean: "npm:^3.0.3"
    lodash.isinteger: "npm:^4.0.4"
    lodash.isnumber: "npm:^3.0.3"
    lodash.isplainobject: "npm:^4.0.6"
    lodash.isstring: "npm:^4.0.1"
    lodash.once: "npm:^4.0.0"
    ms: "npm:^2.1.1"
    semver: "npm:^7.5.4"
  checksum: 10c0/d287a29814895e866db2e5a0209ce730cbc158441a0e5a70d5e940eb0d28ab7498c6bf45029cc8b479639bca94056e9a7f254e2cdb92a2f5750c7f358657a131
  languageName: node
  linkType: hard

"jwa@npm:^1.4.1":
  version: 1.4.1
  resolution: "jwa@npm:1.4.1"
  dependencies:
    buffer-equal-constant-time: "npm:1.0.1"
    ecdsa-sig-formatter: "npm:1.0.11"
    safe-buffer: "npm:^5.0.1"
  checksum: 10c0/5c533540bf38702e73cf14765805a94027c66a0aa8b16bc3e89d8d905e61a4ce2791e87e21be97d1293a5ee9d4f3e5e47737e671768265ca4f25706db551d5e9
  languageName: node
  linkType: hard

"jws@npm:^3.2.2":
  version: 3.2.2
  resolution: "jws@npm:3.2.2"
  dependencies:
    jwa: "npm:^1.4.1"
    safe-buffer: "npm:^5.0.1"
  checksum: 10c0/e770704533d92df358adad7d1261fdecad4d7b66fa153ba80d047e03ca0f1f73007ce5ed3fbc04d2eba09ba6e7e6e645f351e08e5ab51614df1b0aa4f384dfff
  languageName: node
  linkType: hard

"lodash.includes@npm:^4.3.0":
  version: 4.3.0
  resolution: "lodash.includes@npm:4.3.0"
  checksum: 10c0/7ca498b9b75bf602d04e48c0adb842dfc7d90f77bcb2a91a2b2be34a723ad24bc1c8b3683ec6b2552a90f216c723cdea530ddb11a3320e08fa38265703978f4b
  languageName: node
  linkType: hard

"lodash.isboolean@npm:^3.0.3":
  version: 3.0.3
  resolution: "lodash.isboolean@npm:3.0.3"
  checksum: 10c0/0aac604c1ef7e72f9a6b798e5b676606042401dd58e49f051df3cc1e3adb497b3d7695635a5cbec4ae5f66456b951fdabe7d6b387055f13267cde521f10ec7f7
  languageName: node
  linkType: hard

"lodash.isinteger@npm:^4.0.4":
  version: 4.0.4
  resolution: "lodash.isinteger@npm:4.0.4"
  checksum: 10c0/4c3e023a2373bf65bf366d3b8605b97ec830bca702a926939bcaa53f8e02789b6a176e7f166b082f9365bfec4121bfeb52e86e9040cb8d450e64c858583f61b7
  languageName: node
  linkType: hard

"lodash.isnumber@npm:^3.0.3":
  version: 3.0.3
  resolution: "lodash.isnumber@npm:3.0.3"
  checksum: 10c0/2d01530513a1ee4f72dd79528444db4e6360588adcb0e2ff663db2b3f642d4bb3d687051ae1115751ca9082db4fdef675160071226ca6bbf5f0c123dbf0aa12d
  languageName: node
  linkType: hard

"lodash.isplainobject@npm:^4.0.6":
  version: 4.0.6
  resolution: "lodash.isplainobject@npm:4.0.6"
  checksum: 10c0/afd70b5c450d1e09f32a737bed06ff85b873ecd3d3d3400458725283e3f2e0bb6bf48e67dbe7a309eb371a822b16a26cca4a63c8c52db3fc7dc9d5f9dd324cbb
  languageName: node
  linkType: hard

"lodash.isstring@npm:^4.0.1":
  version: 4.0.1
  resolution: "lodash.isstring@npm:4.0.1"
  checksum: 10c0/09eaf980a283f9eef58ef95b30ec7fee61df4d6bf4aba3b5f096869cc58f24c9da17900febc8ffd67819b4e29de29793190e88dc96983db92d84c95fa85d1c92
  languageName: node
  linkType: hard

"lodash.once@npm:^4.0.0":
  version: 4.1.1
  resolution: "lodash.once@npm:4.1.1"
  checksum: 10c0/46a9a0a66c45dd812fcc016e46605d85ad599fe87d71a02f6736220554b52ffbe82e79a483ad40f52a8a95755b0d1077fba259da8bfb6694a7abbf4a48f1fc04
  languageName: node
  linkType: hard

"loose-envify@npm:^1.1.0, loose-envify@npm:^1.4.0":
  version: 1.4.0
  resolution: "loose-envify@npm:1.4.0"
  dependencies:
    js-tokens: "npm:^3.0.0 || ^4.0.0"
  bin:
    loose-envify: cli.js
  checksum: 10c0/655d110220983c1a4b9c0c679a2e8016d4b67f6e9c7b5435ff5979ecdb20d0813f4dec0a08674fcbdd4846a3f07edbb50a36811fd37930b94aaa0d9daceb017e
  languageName: node
  linkType: hard

"lru-cache@npm:^6.0.0":
  version: 6.0.0
  resolution: "lru-cache@npm:6.0.0"
  dependencies:
    yallist: "npm:^4.0.0"
  checksum: 10c0/cb53e582785c48187d7a188d3379c181b5ca2a9c78d2bce3e7dee36f32761d1c42983da3fe12b55cb74e1779fa94cdc2e5367c028a9b35317184ede0c07a30a9
  languageName: node
  linkType: hard

"moment@npm:^2.10.2":
  version: 2.30.1
  resolution: "moment@npm:2.30.1"
  checksum: 10c0/865e4279418c6de666fca7786607705fd0189d8a7b7624e2e56be99290ac846f90878a6f602e34b4e0455c549b85385b1baf9966845962b313699e7cb847543a
  languageName: node
  linkType: hard

"ms@npm:^2.1.1":
  version: 2.1.3
  resolution: "ms@npm:2.1.3"
  checksum: 10c0/d924b57e7312b3b63ad21fc5b3dc0af5e78d61a1fc7cfb5457edaf26326bf62be5307cc87ffb6862ef1c2b33b0233cdb5d4f01c4c958cc0d660948b65a287a48
  languageName: node
  linkType: hard

"nanoid@npm:^3.3.6":
  version: 3.3.7
  resolution: "nanoid@npm:3.3.7"
  bin:
    nanoid: bin/nanoid.cjs
  checksum: 10c0/e3fb661aa083454f40500473bb69eedb85dc160e763150b9a2c567c7e9ff560ce028a9f833123b618a6ea742e311138b591910e795614a629029e86e180660f3
  languageName: node
  linkType: hard

"next@npm:14.1.3":
  version: 14.1.3
  resolution: "next@npm:14.1.3"
  dependencies:
    "@next/env": "npm:14.1.3"
    "@next/swc-darwin-arm64": "npm:14.1.3"
    "@next/swc-darwin-x64": "npm:14.1.3"
    "@next/swc-linux-arm64-gnu": "npm:14.1.3"
    "@next/swc-linux-arm64-musl": "npm:14.1.3"
    "@next/swc-linux-x64-gnu": "npm:14.1.3"
    "@next/swc-linux-x64-musl": "npm:14.1.3"
    "@next/swc-win32-arm64-msvc": "npm:14.1.3"
    "@next/swc-win32-ia32-msvc": "npm:14.1.3"
    "@next/swc-win32-x64-msvc": "npm:14.1.3"
    "@swc/helpers": "npm:0.5.2"
    busboy: "npm:1.6.0"
    caniuse-lite: "npm:^1.0.30001579"
    graceful-fs: "npm:^4.2.11"
    postcss: "npm:8.4.31"
    styled-jsx: "npm:5.1.1"
  peerDependencies:
    "@opentelemetry/api": ^1.1.0
    react: ^18.2.0
    react-dom: ^18.2.0
    sass: ^1.3.0
  dependenciesMeta:
    "@next/swc-darwin-arm64":
      optional: true
    "@next/swc-darwin-x64":
      optional: true
    "@next/swc-linux-arm64-gnu":
      optional: true
    "@next/swc-linux-arm64-musl":
      optional: true
    "@next/swc-linux-x64-gnu":
      optional: true
    "@next/swc-linux-x64-musl":
      optional: true
    "@next/swc-win32-arm64-msvc":
      optional: true
    "@next/swc-win32-ia32-msvc":
      optional: true
    "@next/swc-win32-x64-msvc":
      optional: true
  peerDependenciesMeta:
    "@opentelemetry/api":
      optional: true
    sass:
      optional: true
  bin:
    next: dist/bin/next
  checksum: 10c0/b723955669b40b49761220b582e46ee0fb472b01b67fb9b6ceabc9a191a252bba253a65d72b284fcac1001c85d39bd6816db71e78e97b2221137ed15776c35bd
  languageName: node
  linkType: hard

"object-assign@npm:^4.1.1":
  version: 4.1.1
  resolution: "object-assign@npm:4.1.1"
  checksum: 10c0/1f4df9945120325d041ccf7b86f31e8bcc14e73d29171e37a7903050e96b81323784ec59f93f102ec635bcf6fa8034ba3ea0a8c7e69fa202b87ae3b6cec5a414
  languageName: node
  linkType: hard

"picocolors@npm:^1.0.0":
  version: 1.0.0
  resolution: "picocolors@npm:1.0.0"
  checksum: 10c0/20a5b249e331c14479d94ec6817a182fd7a5680debae82705747b2db7ec50009a5f6648d0621c561b0572703f84dbef0858abcbd5856d3c5511426afcb1961f7
  languageName: node
  linkType: hard

"postcss@npm:8.4.31":
  version: 8.4.31
  resolution: "postcss@npm:8.4.31"
  dependencies:
    nanoid: "npm:^3.3.6"
    picocolors: "npm:^1.0.0"
    source-map-js: "npm:^1.0.2"
  checksum: 10c0/748b82e6e5fc34034dcf2ae88ea3d11fd09f69b6c50ecdd3b4a875cfc7cdca435c958b211e2cb52355422ab6fccb7d8f2f2923161d7a1b281029e4a913d59acf
  languageName: node
  linkType: hard

"prop-types@npm:^15.7.2":
  version: 15.8.1
  resolution: "prop-types@npm:15.8.1"
  dependencies:
    loose-envify: "npm:^1.4.0"
    object-assign: "npm:^4.1.1"
    react-is: "npm:^16.13.1"
  checksum: 10c0/59ece7ca2fb9838031d73a48d4becb9a7cc1ed10e610517c7d8f19a1e02fa47f7c27d557d8a5702bec3cfeccddc853579832b43f449e54635803f277b1c78077
  languageName: node
  linkType: hard

"react-datepicker@npm:^6.8.0":
  version: 6.8.0
  resolution: "react-datepicker@npm:6.8.0"
  dependencies:
    "@floating-ui/react": "npm:^0.26.2"
    clsx: "npm:^2.1.0"
    date-fns: "npm:^3.3.1"
    prop-types: "npm:^15.7.2"
    react-onclickoutside: "npm:^6.13.0"
  peerDependencies:
    react: ^16.9.0 || ^17 || ^18
    react-dom: ^16.9.0 || ^17 || ^18
  checksum: 10c0/54f6ca1c2890eb61f86e8ea6fa5ccb7f4ba8278479ac6f59846dd142862c210b25824378d0941b1eb3f3d83b16faa8ae802a3c3e40f002fbd288e091948e40b6
  languageName: node
  linkType: hard

"react-dom@npm:^18":
  version: 18.2.0
  resolution: "react-dom@npm:18.2.0"
  dependencies:
    loose-envify: "npm:^1.1.0"
    scheduler: "npm:^0.23.0"
  peerDependencies:
    react: ^18.2.0
  checksum: 10c0/66dfc5f93e13d0674e78ef41f92ed21dfb80f9c4ac4ac25a4b51046d41d4d2186abc915b897f69d3d0ebbffe6184e7c5876f2af26bfa956f179225d921be713a
  languageName: node
  linkType: hard

"react-is@npm:^16.13.1":
  version: 16.13.1
  resolution: "react-is@npm:16.13.1"
  checksum: 10c0/33977da7a5f1a287936a0c85639fec6ca74f4f15ef1e59a6bc20338fc73dc69555381e211f7a3529b8150a1f71e4225525b41b60b52965bda53ce7d47377ada1
  languageName: node
  linkType: hard

"react-onclickoutside@npm:^6.13.0":
  version: 6.13.0
  resolution: "react-onclickoutside@npm:6.13.0"
  peerDependencies:
    react: ^15.5.x || ^16.x || ^17.x || ^18.x
    react-dom: ^15.5.x || ^16.x || ^17.x || ^18.x
  checksum: 10c0/2013471d03965e3c89ead649063bda246a8e9ba72b7be1dbf00642c6c8a34a0142e951b1db3cf73ac53f34f459b772132eff6f7b89f4cde51c35740be6617161
  languageName: node
  linkType: hard

"react@npm:^18":
  version: 18.2.0
  resolution: "react@npm:18.2.0"
  dependencies:
    loose-envify: "npm:^1.1.0"
  checksum: 10c0/b562d9b569b0cb315e44b48099f7712283d93df36b19a39a67c254c6686479d3980b7f013dc931f4a5a3ae7645eae6386b4aa5eea933baa54ecd0f9acb0902b8
  languageName: node
  linkType: hard

"safe-buffer@npm:^5.0.1":
  version: 5.2.1
  resolution: "safe-buffer@npm:5.2.1"
  checksum: 10c0/6501914237c0a86e9675d4e51d89ca3c21ffd6a31642efeba25ad65720bce6921c9e7e974e5be91a786b25aa058b5303285d3c15dbabf983a919f5f630d349f3
  languageName: node
  linkType: hard

"scheduler@npm:^0.23.0":
  version: 0.23.0
  resolution: "scheduler@npm:0.23.0"
  dependencies:
    loose-envify: "npm:^1.1.0"
  checksum: 10c0/b777f7ca0115e6d93e126ac490dbd82642d14983b3079f58f35519d992fa46260be7d6e6cede433a92db70306310c6f5f06e144f0e40c484199e09c1f7be53dd
  languageName: node
  linkType: hard

"semver@npm:^7.5.4":
  version: 7.6.0
  resolution: "semver@npm:7.6.0"
  dependencies:
    lru-cache: "npm:^6.0.0"
  bin:
    semver: bin/semver.js
  checksum: 10c0/fbfe717094ace0aa8d6332d7ef5ce727259815bd8d8815700853f4faf23aacbd7192522f0dc5af6df52ef4fa85a355ebd2f5d39f554bd028200d6cf481ab9b53
  languageName: node
  linkType: hard

"source-map-js@npm:^1.0.2":
  version: 1.2.0
  resolution: "source-map-js@npm:1.2.0"
  checksum: 10c0/7e5f896ac10a3a50fe2898e5009c58ff0dc102dcb056ed27a354623a0ece8954d4b2649e1a1b2b52ef2e161d26f8859c7710350930751640e71e374fe2d321a4
  languageName: node
  linkType: hard

"streamsearch@npm:^1.1.0":
  version: 1.1.0
  resolution: "streamsearch@npm:1.1.0"
  checksum: 10c0/fbd9aecc2621364384d157f7e59426f4bfd385e8b424b5aaa79c83a6f5a1c8fd2e4e3289e95de1eb3511cb96bb333d6281a9919fafce760e4edb35b2cd2facab
  languageName: node
  linkType: hard

"styled-jsx@npm:5.1.1":
  version: 5.1.1
  resolution: "styled-jsx@npm:5.1.1"
  dependencies:
    client-only: "npm:0.0.1"
  peerDependencies:
    react: ">= 16.8.0 || 17.x.x || ^18.0.0-0"
  peerDependenciesMeta:
    "@babel/core":
      optional: true
    babel-plugin-macros:
      optional: true
  checksum: 10c0/42655cdadfa5388f8a48bb282d6b450df7d7b8cf066ac37038bd0499d3c9f084815ebd9ff9dfa12a218fd4441338851db79603498d7557207009c1cf4d609835
  languageName: node
  linkType: hard

"sweetalert2@npm:^11.10.7":
  version: 11.10.7
  resolution: "sweetalert2@npm:11.10.7"
  checksum: 10c0/23c3bf0d8c1ac99ac9bf208217dfdb46c160b141f7042ae537249ccd3aacaa455b0fdc2811ff0bb0cf660129a287448bdaf74fa5bcd7ffe31931c19dfecdf68d
  languageName: node
  linkType: hard

"tabbable@npm:^6.0.0":
  version: 6.2.0
  resolution: "tabbable@npm:6.2.0"
  checksum: 10c0/ced8b38f05f2de62cd46836d77c2646c42b8c9713f5bd265daf0e78ff5ac73d3ba48a7ca45f348bafeef29b23da7187c72250742d37627883ef89cbd7fa76898
  languageName: node
  linkType: hard

"test_template@workspace:.":
  version: 0.0.0-use.local
  resolution: "test_template@workspace:."
  dependencies:
    chart.js: "npm:^2.9.4"
    datatables.net-dt: "npm:^2.0.3"
    dotenv: "npm:^16.4.5"
    js-cookie: "npm:^3.0.5"
    jsonwebtoken: "npm:^9.0.2"
    next: "npm:14.1.3"
    react: "npm:^18"
    react-datepicker: "npm:^6.8.0"
    react-dom: "npm:^18"
    sweetalert2: "npm:^11.10.7"
    yarn: "npm:^1.22.22"
  languageName: unknown
  linkType: soft

"tslib@npm:^2.4.0":
  version: 2.6.2
  resolution: "tslib@npm:2.6.2"
  checksum: 10c0/e03a8a4271152c8b26604ed45535954c0a45296e32445b4b87f8a5abdb2421f40b59b4ca437c4346af0f28179780d604094eb64546bee2019d903d01c6c19bdb
  languageName: node
  linkType: hard

"yallist@npm:^4.0.0":
  version: 4.0.0
  resolution: "yallist@npm:4.0.0"
  checksum: 10c0/2286b5e8dbfe22204ab66e2ef5cc9bbb1e55dfc873bbe0d568aa943eb255d131890dfd5bf243637273d31119b870f49c18fcde2c6ffbb7a7a092b870dc90625a
  languageName: node
  linkType: hard

"yarn@npm:^1.22.22":
  version: 1.22.22
  resolution: "yarn@npm:1.22.22"
  bin:
    yarn: bin/yarn.js
    yarnpkg: bin/yarn.js
  checksum: 10c0/8c77198c93d7542e7f4e131c63b66de357b7076ecfbcfe709ec0d674115c2dd9edaa45196e5510e6e9366d368707a802579e3402071002e1c9d9a99d491478de
  languageName: node
  linkType: hard
